
Microsoft Visual Studio Solution File, Format Version 12.00
# Visual Studio Version 16
VisualStudioVersion = 16.0.28803.156
MinimumVisualStudioVersion = 10.0.40219.1
Project("{FAE04EC0-301F-11D3-BF4B-00C04F79EFBC}") = "Load Balancer Server", "Load Balancer Server\Load Balancer Server.csproj", "{55FCB0C0-1305-4951-B55D-47DDA1E13437}"
EndProject
Global
	GlobalSection(SolutionConfigurationPlatforms) = preSolution
		Debug|Any CPU = Debug|Any CPU
		Release|Any CPU = Release|Any CPU
	EndGlobalSection
	GlobalSection(ProjectConfigurationPlatforms) = postSolution
		{55FCB0C0-1305-4951-B55D-47DDA1E13437}.Debug|Any CPU.ActiveCfg = Debug|Any CPU
		{55FCB0C0-1305-4951-B55D-47DDA1E13437}.Debug|Any CPU.Build.0 = Debug|Any CPU
		{55FCB0C0-1305-4951-B55D-47DDA1E13437}.Release|Any CPU.ActiveCfg = Release|Any CPU
		{55FCB0C0-1305-4951-B55D-47DDA1E13437}.Release|Any CPU.Build.0 = Release|Any CPU
	EndGlobalSection
	GlobalSection(SolutionProperties) = preSolution
		HideSolutionNode = FALSE
	EndGlobalSection
	GlobalSection(ExtensibilityGlobals) = postSolution
		SolutionGuid = {8CFE38A2-975A-4EF3-B276-5D19985738FE}
	EndGlobalSection
EndGlobal
